
Microsoft Visual Studio Solution File, Format Version 12.00
# Visual Studio Version 16
VisualStudioVersion = 16.0.30523.141
MinimumVisualStudioVersion = 10.0.40219.1
Project("{FAE04EC0-301F-11D3-BF4B-00C04F79EFBC}") = "ASPCore", "ASPCore\ASPCore.csproj", "{7CC1D6C1-B7B2-40BF-A6E2-5BAA10A86A8E}"
EndProject
Global
	GlobalSection(SolutionConfigurationPlatforms) = preSolution
		Debug|Any CPU = Debug|Any CPU
		Release|Any CPU = Release|Any CPU
	EndGlobalSection
	GlobalSection(ProjectConfigurationPlatforms) = postSolution
		{7CC1D6C1-B7B2-40BF-A6E2-5BAA10A86A8E}.Debug|Any CPU.ActiveCfg = Debug|Any CPU
		{7CC1D6C1-B7B2-40BF-A6E2-5BAA10A86A8E}.Debug|Any CPU.Build.0 = Debug|Any CPU
		{7CC1D6C1-B7B2-40BF-A6E2-5BAA10A86A8E}.Release|Any CPU.ActiveCfg = Release|Any CPU
		{7CC1D6C1-B7B2-40BF-A6E2-5BAA10A86A8E}.Release|Any CPU.Build.0 = Release|Any CPU
	EndGlobalSection
	GlobalSection(SolutionProperties) = preSolution
		HideSolutionNode = FALSE
	EndGlobalSection
	GlobalSection(ExtensibilityGlobals) = postSolution
		SolutionGuid = {27489D42-837E-4C57-B811-95BC5A186E50}
	EndGlobalSection
EndGlobal
